
Microsoft Visual Studio Solution File, Format Version 12.00
# Visual Studio Version 17
VisualStudioVersion = 17.0.32112.339
MinimumVisualStudioVersion = 10.0.40219.1
Project("{9A19103F-16F7-4668-BE54-9A1E7A4F7556}") = "Timesheets.Api", "Timesheets.Api\Timesheets.Api.csproj", "{FB60CD75-0306-4AD5-BB4B-F9BA8DA7139C}"
EndProject
Project("{9A19103F-16F7-4668-BE54-9A1E7A4F7556}") = "Timesheets.BusinessLogic", "Timesheets.BusinessLogic\Timesheets.BusinessLogic.csproj", "{A6A429AD-EF5A-46F8-A23F-C2DD133BD544}"
EndProject
Project("{9A19103F-16F7-4668-BE54-9A1E7A4F7556}") = "Timesheets.Data", "Timesheets.Data\Timesheets.Data.csproj", "{9DFBEFA4-81D4-4A6A-9A43-E9C4DF27ADBE}"
EndProject
Global
	GlobalSection(SolutionConfigurationPlatforms) = preSolution
		Debug|Any CPU = Debug|Any CPU
		Release|Any CPU = Release|Any CPU
	EndGlobalSection
	GlobalSection(ProjectConfigurationPlatforms) = postSolution
		{FB60CD75-0306-4AD5-BB4B-F9BA8DA7139C}.Debug|Any CPU.ActiveCfg = Debug|Any CPU
		{FB60CD75-0306-4AD5-BB4B-F9BA8DA7139C}.Debug|Any CPU.Build.0 = Debug|Any CPU
		{FB60CD75-0306-4AD5-BB4B-F9BA8DA7139C}.Release|Any CPU.ActiveCfg = Release|Any CPU
		{FB60CD75-0306-4AD5-BB4B-F9BA8DA7139C}.Release|Any CPU.Build.0 = Release|Any CPU
		{A6A429AD-EF5A-46F8-A23F-C2DD133BD544}.Debug|Any CPU.ActiveCfg = Debug|Any CPU
		{A6A429AD-EF5A-46F8-A23F-C2DD133BD544}.Debug|Any CPU.Build.0 = Debug|Any CPU
		{A6A429AD-EF5A-46F8-A23F-C2DD133BD544}.Release|Any CPU.ActiveCfg = Release|Any CPU
		{A6A429AD-EF5A-46F8-A23F-C2DD133BD544}.Release|Any CPU.Build.0 = Release|Any CPU
		{9DFBEFA4-81D4-4A6A-9A43-E9C4DF27ADBE}.Debug|Any CPU.ActiveCfg = Debug|Any CPU
		{9DFBEFA4-81D4-4A6A-9A43-E9C4DF27ADBE}.Debug|Any CPU.Build.0 = Debug|Any CPU
		{9DFBEFA4-81D4-4A6A-9A43-E9C4DF27ADBE}.Release|Any CPU.ActiveCfg = Release|Any CPU
		{9DFBEFA4-81D4-4A6A-9A43-E9C4DF27ADBE}.Release|Any CPU.Build.0 = Release|Any CPU
	EndGlobalSection
	GlobalSection(SolutionProperties) = preSolution
		HideSolutionNode = FALSE
	EndGlobalSection
	GlobalSection(ExtensibilityGlobals) = postSolution
		SolutionGuid = {1D67CAF1-875C-4A0F-9022-49F544A5307A}
	EndGlobalSection
EndGlobal
